
Microsoft Visual Studio Solution File, Format Version 12.00
# Visual Studio 14
VisualStudioVersion = 14.0.25420.1
MinimumVisualStudioVersion = 10.0.40219.1
Project("{8BC9CEB8-8B4A-11D0-8D11-00A0C91BC942}") = "Binary_Tree-CPP", "Binary_Tree-CPP\Binary_Tree-CPP.vcxproj", "{40F7361D-ADB7-4E54-A8DD-DDF1E2F91BBA}"
EndProject
Global
	GlobalSection(SolutionConfigurationPlatforms) = preSolution
		Debug|x64 = Debug|x64
		Debug|x86 = Debug|x86
		Release|x64 = Release|x64
		Release|x86 = Release|x86
	EndGlobalSection
	GlobalSection(ProjectConfigurationPlatforms) = postSolution
		{40F7361D-ADB7-4E54-A8DD-DDF1E2F91BBA}.Debug|x64.ActiveCfg = Debug|x64
		{40F7361D-ADB7-4E54-A8DD-DDF1E2F91BBA}.Debug|x64.Build.0 = Debug|x64
		{40F7361D-ADB7-4E54-A8DD-DDF1E2F91BBA}.Debug|x86.ActiveCfg = Debug|Win32
		{40F7361D-ADB7-4E54-A8DD-DDF1E2F91BBA}.Debug|x86.Build.0 = Debug|Win32
		{40F7361D-ADB7-4E54-A8DD-DDF1E2F91BBA}.Release|x64.ActiveCfg = Release|x64
		{40F7361D-ADB7-4E54-A8DD-DDF1E2F91BBA}.Release|x64.Build.0 = Release|x64
		{40F7361D-ADB7-4E54-A8DD-DDF1E2F91BBA}.Release|x86.ActiveCfg = Release|Win32
		{40F7361D-ADB7-4E54-A8DD-DDF1E2F91BBA}.Release|x86.Build.0 = Release|Win32
	EndGlobalSection
	GlobalSection(SolutionProperties) = preSolution
		HideSolutionNode = FALSE
	EndGlobalSection
EndGlobal
